
Microsoft Visual Studio Solution File, Format Version 12.00
# Visual Studio 15
Project("{FAE04EC0-301F-11D3-BF4B-00C04F79EFBC}") = "UnityEngine.TestRunner", "UnityEngine.TestRunner.csproj", "{8E2D5885-FD0F-647C-FD65-B0503FBE8394}"
EndProject
Project("{FAE04EC0-301F-11D3-BF4B-00C04F79EFBC}") = "UnityEngine.UI", "UnityEngine.UI.csproj", "{23EAF787-CFEE-5103-9D6C-8CC68101010D}"
EndProject
Project("{FAE04EC0-301F-11D3-BF4B-00C04F79EFBC}") = "Unity.TextMeshPro", "Unity.TextMeshPro.csproj", "{96772F6E-271B-67F9-CBEC-BE42C65389D0}"
EndProject
Project("{FAE04EC0-301F-11D3-BF4B-00C04F79EFBC}") = "Unity.Timeline", "Unity.Timeline.csproj", "{56FF670F-16FD-A1EF-EE94-73C5072292DC}"
EndProject
Project("{FAE04EC0-301F-11D3-BF4B-00C04F79EFBC}") = "Cinemachine", "Cinemachine.csproj", "{CED2AABC-3B32-BBBB-6E5F-2BC6A9770B65}"
EndProject
Project("{FAE04EC0-301F-11D3-BF4B-00C04F79EFBC}") = "Assembly-CSharp", "Assembly-CSharp.csproj", "{07B5E639-38E0-3644-8A37-8E73F2FCFF94}"
EndProject
Project("{FAE04EC0-301F-11D3-BF4B-00C04F79EFBC}") = "Unity.TextMeshPro.Editor", "Unity.TextMeshPro.Editor.csproj", "{060050E2-4535-0E2F-3DBB-BAB72B734A1C}"
EndProject
Project("{FAE04EC0-301F-11D3-BF4B-00C04F79EFBC}") = "Unity.Timeline.Editor", "Unity.Timeline.Editor.csproj", "{9C0CE7B6-F673-6065-F816-2500EDF868DD}"
EndProject
Project("{FAE04EC0-301F-11D3-BF4B-00C04F79EFBC}") = "UnityEditor.TestRunner", "UnityEditor.TestRunner.csproj", "{CA55028D-295F-140D-8B07-3B6301D67BDE}"
EndProject
Project("{FAE04EC0-301F-11D3-BF4B-00C04F79EFBC}") = "com.unity.cinemachine.editor", "com.unity.cinemachine.editor.csproj", "{E8A49FA8-22A4-E8DE-38B3-54E706032605}"
EndProject
Project("{FAE04EC0-301F-11D3-BF4B-00C04F79EFBC}") = "UnityEditor.UI", "UnityEditor.UI.csproj", "{FA83604B-EC02-4414-1A5B-499BE34C6752}"
EndProject
Project("{FAE04EC0-301F-11D3-BF4B-00C04F79EFBC}") = "Unity.Rider.Editor", "Unity.Rider.Editor.csproj", "{F8B99407-AF82-394E-9C79-56F4FCBDBF9F}"
EndProject
Project("{FAE04EC0-301F-11D3-BF4B-00C04F79EFBC}") = "Unity.CollabProxy.Editor", "Unity.CollabProxy.Editor.csproj", "{685CFF55-B525-B2DA-56DE-2FF25493D6CC}"
EndProject
Project("{FAE04EC0-301F-11D3-BF4B-00C04F79EFBC}") = "Unity.VSCode.Editor", "Unity.VSCode.Editor.csproj", "{DC556160-A4FC-92C2-B40A-D27186837688}"
EndProject
Global
	GlobalSection(SolutionConfigurationPlatforms) = preSolution
		Debug|Any CPU = Debug|Any CPU
		Release|Any CPU = Release|Any CPU
	EndGlobalSection
	GlobalSection(ProjectConfigurationPlatforms) = postSolution
		{8E2D5885-FD0F-647C-FD65-B0503FBE8394}.Debug|Any CPU.ActiveCfg = Debug|Any CPU
		{8E2D5885-FD0F-647C-FD65-B0503FBE8394}.Debug|Any CPU.Build.0 = Debug|Any CPU
		{8E2D5885-FD0F-647C-FD65-B0503FBE8394}.Release|Any CPU.ActiveCfg = Release|Any CPU
		{8E2D5885-FD0F-647C-FD65-B0503FBE8394}.Release|Any CPU.Build.0 = Release|Any CPU
		{23EAF787-CFEE-5103-9D6C-8CC68101010D}.Debug|Any CPU.ActiveCfg = Debug|Any CPU
		{23EAF787-CFEE-5103-9D6C-8CC68101010D}.Debug|Any CPU.Build.0 = Debug|Any CPU
		{23EAF787-CFEE-5103-9D6C-8CC68101010D}.Release|Any CPU.ActiveCfg = Release|Any CPU
		{23EAF787-CFEE-5103-9D6C-8CC68101010D}.Release|Any CPU.Build.0 = Release|Any CPU
		{96772F6E-271B-67F9-CBEC-BE42C65389D0}.Debug|Any CPU.ActiveCfg = Debug|Any CPU
		{96772F6E-271B-67F9-CBEC-BE42C65389D0}.Debug|Any CPU.Build.0 = Debug|Any CPU
		{96772F6E-271B-67F9-CBEC-BE42C65389D0}.Release|Any CPU.ActiveCfg = Release|Any CPU
		{96772F6E-271B-67F9-CBEC-BE42C65389D0}.Release|Any CPU.Build.0 = Release|Any CPU
		{56FF670F-16FD-A1EF-EE94-73C5072292DC}.Debug|Any CPU.ActiveCfg = Debug|Any CPU
		{56FF670F-16FD-A1EF-EE94-73C5072292DC}.Debug|Any CPU.Build.0 = Debug|Any CPU
		{56FF670F-16FD-A1EF-EE94-73C5072292DC}.Release|Any CPU.ActiveCfg = Release|Any CPU
		{56FF670F-16FD-A1EF-EE94-73C5072292DC}.Release|Any CPU.Build.0 = Release|Any CPU
		{CED2AABC-3B32-BBBB-6E5F-2BC6A9770B65}.Debug|Any CPU.ActiveCfg = Debug|Any CPU
		{CED2AABC-3B32-BBBB-6E5F-2BC6A9770B65}.Debug|Any CPU.Build.0 = Debug|Any CPU
		{CED2AABC-3B32-BBBB-6E5F-2BC6A9770B65}.Release|Any CPU.ActiveCfg = Release|Any CPU
		{CED2AABC-3B32-BBBB-6E5F-2BC6A9770B65}.Release|Any CPU.Build.0 = Release|Any CPU
		{07B5E639-38E0-3644-8A37-8E73F2FCFF94}.Debug|Any CPU.ActiveCfg = Debug|Any CPU
		{07B5E639-38E0-3644-8A37-8E73F2FCFF94}.Debug|Any CPU.Build.0 = Debug|Any CPU
		{07B5E639-38E0-3644-8A37-8E73F2FCFF94}.Release|Any CPU.ActiveCfg = Release|Any CPU
		{07B5E639-38E0-3644-8A37-8E73F2FCFF94}.Release|Any CPU.Build.0 = Release|Any CPU
		{060050E2-4535-0E2F-3DBB-BAB72B734A1C}.Debug|Any CPU.ActiveCfg = Debug|Any CPU
		{060050E2-4535-0E2F-3DBB-BAB72B734A1C}.Debug|Any CPU.Build.0 = Debug|Any CPU
		{060050E2-4535-0E2F-3DBB-BAB72B734A1C}.Release|Any CPU.ActiveCfg = Release|Any CPU
		{060050E2-4535-0E2F-3DBB-BAB72B734A1C}.Release|Any CPU.Build.0 = Release|Any CPU
		{9C0CE7B6-F673-6065-F816-2500EDF868DD}.Debug|Any CPU.ActiveCfg = Debug|Any CPU
		{9C0CE7B6-F673-6065-F816-2500EDF868DD}.Debug|Any CPU.Build.0 = Debug|Any CPU
		{9C0CE7B6-F673-6065-F816-2500EDF868DD}.Release|Any CPU.ActiveCfg = Release|Any CPU
		{9C0CE7B6-F673-6065-F816-2500EDF868DD}.Release|Any CPU.Build.0 = Release|Any CPU
		{CA55028D-295F-140D-8B07-3B6301D67BDE}.Debug|Any CPU.ActiveCfg = Debug|Any CPU
		{CA55028D-295F-140D-8B07-3B6301D67BDE}.Debug|Any CPU.Build.0 = Debug|Any CPU
		{CA55028D-295F-140D-8B07-3B6301D67BDE}.Release|Any CPU.ActiveCfg = Release|Any CPU
		{CA55028D-295F-140D-8B07-3B6301D67BDE}.Release|Any CPU.Build.0 = Release|Any CPU
		{E8A49FA8-22A4-E8DE-38B3-54E706032605}.Debug|Any CPU.ActiveCfg = Debug|Any CPU
		{E8A49FA8-22A4-E8DE-38B3-54E706032605}.Debug|Any CPU.Build.0 = Debug|Any CPU
		{E8A49FA8-22A4-E8DE-38B3-54E706032605}.Release|Any CPU.ActiveCfg = Release|Any CPU
		{E8A49FA8-22A4-E8DE-38B3-54E706032605}.Release|Any CPU.Build.0 = Release|Any CPU
		{FA83604B-EC02-4414-1A5B-499BE34C6752}.Debug|Any CPU.ActiveCfg = Debug|Any CPU
		{FA83604B-EC02-4414-1A5B-499BE34C6752}.Debug|Any CPU.Build.0 = Debug|Any CPU
		{FA83604B-EC02-4414-1A5B-499BE34C6752}.Release|Any CPU.ActiveCfg = Release|Any CPU
		{FA83604B-EC02-4414-1A5B-499BE34C6752}.Release|Any CPU.Build.0 = Release|Any CPU
		{F8B99407-AF82-394E-9C79-56F4FCBDBF9F}.Debug|Any CPU.ActiveCfg = Debug|Any CPU
		{F8B99407-AF82-394E-9C79-56F4FCBDBF9F}.Debug|Any CPU.Build.0 = Debug|Any CPU
		{F8B99407-AF82-394E-9C79-56F4FCBDBF9F}.Release|Any CPU.ActiveCfg = Release|Any CPU
		{F8B99407-AF82-394E-9C79-56F4FCBDBF9F}.Release|Any CPU.Build.0 = Release|Any CPU
		{685CFF55-B525-B2DA-56DE-2FF25493D6CC}.Debug|Any CPU.ActiveCfg = Debug|Any CPU
		{685CFF55-B525-B2DA-56DE-2FF25493D6CC}.Debug|Any CPU.Build.0 = Debug|Any CPU
		{685CFF55-B525-B2DA-56DE-2FF25493D6CC}.Release|Any CPU.ActiveCfg = Release|Any CPU
		{685CFF55-B525-B2DA-56DE-2FF25493D6CC}.Release|Any CPU.Build.0 = Release|Any CPU
		{DC556160-A4FC-92C2-B40A-D27186837688}.Debug|Any CPU.ActiveCfg = Debug|Any CPU
		{DC556160-A4FC-92C2-B40A-D27186837688}.Debug|Any CPU.Build.0 = Debug|Any CPU
		{DC556160-A4FC-92C2-B40A-D27186837688}.Release|Any CPU.ActiveCfg = Release|Any CPU
		{DC556160-A4FC-92C2-B40A-D27186837688}.Release|Any CPU.Build.0 = Release|Any CPU
	EndGlobalSection
	GlobalSection(SolutionProperties) = preSolution
		HideSolutionNode = FALSE
	EndGlobalSection
EndGlobal
